
Microsoft Visual Studio Solution File, Format Version 12.00
# Visual Studio Version 17
VisualStudioVersion = 17.13.36105.23 d17.13
MinimumVisualStudioVersion = 10.0.40219.1
Project("{FAE04EC0-301F-11D3-BF4B-00C04F79EFBC}") = "NumerosParesDesafio", "NumerosParesDesafio.csproj", "{064BC055-2B7C-4041-81BE-DFA9D99AF47C}"
EndProject
Global
	GlobalSection(SolutionConfigurationPlatforms) = preSolution
		Debug|Any CPU = Debug|Any CPU
		Release|Any CPU = Release|Any CPU
	EndGlobalSection
	GlobalSection(ProjectConfigurationPlatforms) = postSolution
		{064BC055-2B7C-4041-81BE-DFA9D99AF47C}.Debug|Any CPU.ActiveCfg = Debug|Any CPU
		{064BC055-2B7C-4041-81BE-DFA9D99AF47C}.Debug|Any CPU.Build.0 = Debug|Any CPU
		{064BC055-2B7C-4041-81BE-DFA9D99AF47C}.Release|Any CPU.ActiveCfg = Release|Any CPU
		{064BC055-2B7C-4041-81BE-DFA9D99AF47C}.Release|Any CPU.Build.0 = Release|Any CPU
	EndGlobalSection
	GlobalSection(SolutionProperties) = preSolution
		HideSolutionNode = FALSE
	EndGlobalSection
	GlobalSection(ExtensibilityGlobals) = postSolution
		SolutionGuid = {18DC4CB2-4134-457B-8F36-54E6335D217E}
	EndGlobalSection
EndGlobal
